
Microsoft Visual Studio Solution File, Format Version 12.00
# Visual Studio 15
VisualStudioVersion = 15.0.28307.421
MinimumVisualStudioVersion = 10.0.40219.1
Project("{FAE04EC0-301F-11D3-BF4B-00C04F79EFBC}") = "Estudo.CSharp.Framework.UIConsole", "Estudo.CSharp.Framework.UIConsole\Estudo.CSharp.Framework.UIConsole.csproj", "{FD721C22-6579-4853-8469-43A77AB1107E}"
EndProject
Project("{FAE04EC0-301F-11D3-BF4B-00C04F79EFBC}") = "Estudo.CSharp.Framework.LibrarySample", "Estudo.CSharp.Framework.LibrarySample\Estudo.CSharp.Framework.LibrarySample.csproj", "{E8360864-C7EF-48D6-90B3-3746B4A12491}"
EndProject
Project("{FAE04EC0-301F-11D3-BF4B-00C04F79EFBC}") = "Estudo.CSharp.Framework.LibrarySample.Library", "Estudo.CSharp.Framework.LibrarySample.Library\Estudo.CSharp.Framework.LibrarySample.Library.csproj", "{DE56B36F-C6DB-4F1B-BE84-12D391640A72}"
EndProject
Project("{FAE04EC0-301F-11D3-BF4B-00C04F79EFBC}") = "System.Text_Exemple", "System.Text_Exemple\System.Text_Exemple.csproj", "{2AA35EB1-B96B-49F1-A702-75CF1504739D}"
EndProject
Project("{FAE04EC0-301F-11D3-BF4B-00C04F79EFBC}") = "System.Globalization_Exemple", "System.Globalization_Exemple\System.Globalization_Exemple.csproj", "{E2D02243-65A6-47D6-AC95-A2672D447DD5}"
EndProject
Project("{FAE04EC0-301F-11D3-BF4B-00C04F79EFBC}") = "System.Resource_Exemple", "System.Resource_Exemple\System.Resource_Exemple.csproj", "{94EE77A9-7D90-4EFF-AC33-28BEAEE89258}"
EndProject
Project("{FAE04EC0-301F-11D3-BF4B-00C04F79EFBC}") = "System.IO_Exemple", "System.IO_Exemple\System.IO_Exemple.csproj", "{607CB631-198C-42EA-A932-538F16AF7063}"
EndProject
Project("{FAE04EC0-301F-11D3-BF4B-00C04F79EFBC}") = "System.XML_Exemple", "System.XML_Exemple\System.XML_Exemple.csproj", "{C69400E8-E6CF-44D5-89F5-7E969981C144}"
EndProject
Project("{FAE04EC0-301F-11D3-BF4B-00C04F79EFBC}") = "CadastroClientes", "CadastroClientes\CadastroClientes.csproj", "{4AF3E34A-CA4F-42C9-ACA7-1F62F83AC0DF}"
EndProject
Project("{FAE04EC0-301F-11D3-BF4B-00C04F79EFBC}") = "Aplicacao", "Aplicacao\Aplicacao.csproj", "{5A6DABB1-287D-4A2C-9EC7-0B5AD439E518}"
EndProject
Global
	GlobalSection(SolutionConfigurationPlatforms) = preSolution
		Debug|Any CPU = Debug|Any CPU
		Release|Any CPU = Release|Any CPU
	EndGlobalSection
	GlobalSection(ProjectConfigurationPlatforms) = postSolution
		{FD721C22-6579-4853-8469-43A77AB1107E}.Debug|Any CPU.ActiveCfg = Debug|Any CPU
		{FD721C22-6579-4853-8469-43A77AB1107E}.Debug|Any CPU.Build.0 = Debug|Any CPU
		{FD721C22-6579-4853-8469-43A77AB1107E}.Release|Any CPU.ActiveCfg = Release|Any CPU
		{FD721C22-6579-4853-8469-43A77AB1107E}.Release|Any CPU.Build.0 = Release|Any CPU
		{E8360864-C7EF-48D6-90B3-3746B4A12491}.Debug|Any CPU.ActiveCfg = Debug|Any CPU
		{E8360864-C7EF-48D6-90B3-3746B4A12491}.Debug|Any CPU.Build.0 = Debug|Any CPU
		{E8360864-C7EF-48D6-90B3-3746B4A12491}.Release|Any CPU.ActiveCfg = Release|Any CPU
		{E8360864-C7EF-48D6-90B3-3746B4A12491}.Release|Any CPU.Build.0 = Release|Any CPU
		{DE56B36F-C6DB-4F1B-BE84-12D391640A72}.Debug|Any CPU.ActiveCfg = Debug|Any CPU
		{DE56B36F-C6DB-4F1B-BE84-12D391640A72}.Debug|Any CPU.Build.0 = Debug|Any CPU
		{DE56B36F-C6DB-4F1B-BE84-12D391640A72}.Release|Any CPU.ActiveCfg = Release|Any CPU
		{DE56B36F-C6DB-4F1B-BE84-12D391640A72}.Release|Any CPU.Build.0 = Release|Any CPU
		{2AA35EB1-B96B-49F1-A702-75CF1504739D}.Debug|Any CPU.ActiveCfg = Debug|Any CPU
		{2AA35EB1-B96B-49F1-A702-75CF1504739D}.Debug|Any CPU.Build.0 = Debug|Any CPU
		{2AA35EB1-B96B-49F1-A702-75CF1504739D}.Release|Any CPU.ActiveCfg = Release|Any CPU
		{2AA35EB1-B96B-49F1-A702-75CF1504739D}.Release|Any CPU.Build.0 = Release|Any CPU
		{E2D02243-65A6-47D6-AC95-A2672D447DD5}.Debug|Any CPU.ActiveCfg = Debug|Any CPU
		{E2D02243-65A6-47D6-AC95-A2672D447DD5}.Debug|Any CPU.Build.0 = Debug|Any CPU
		{E2D02243-65A6-47D6-AC95-A2672D447DD5}.Release|Any CPU.ActiveCfg = Release|Any CPU
		{E2D02243-65A6-47D6-AC95-A2672D447DD5}.Release|Any CPU.Build.0 = Release|Any CPU
		{94EE77A9-7D90-4EFF-AC33-28BEAEE89258}.Debug|Any CPU.ActiveCfg = Debug|Any CPU
		{94EE77A9-7D90-4EFF-AC33-28BEAEE89258}.Debug|Any CPU.Build.0 = Debug|Any CPU
		{94EE77A9-7D90-4EFF-AC33-28BEAEE89258}.Release|Any CPU.ActiveCfg = Release|Any CPU
		{94EE77A9-7D90-4EFF-AC33-28BEAEE89258}.Release|Any CPU.Build.0 = Release|Any CPU
		{607CB631-198C-42EA-A932-538F16AF7063}.Debug|Any CPU.ActiveCfg = Debug|Any CPU
		{607CB631-198C-42EA-A932-538F16AF7063}.Debug|Any CPU.Build.0 = Debug|Any CPU
		{607CB631-198C-42EA-A932-538F16AF7063}.Release|Any CPU.ActiveCfg = Release|Any CPU
		{607CB631-198C-42EA-A932-538F16AF7063}.Release|Any CPU.Build.0 = Release|Any CPU
		{C69400E8-E6CF-44D5-89F5-7E969981C144}.Debug|Any CPU.ActiveCfg = Debug|Any CPU
		{C69400E8-E6CF-44D5-89F5-7E969981C144}.Debug|Any CPU.Build.0 = Debug|Any CPU
		{C69400E8-E6CF-44D5-89F5-7E969981C144}.Release|Any CPU.ActiveCfg = Release|Any CPU
		{C69400E8-E6CF-44D5-89F5-7E969981C144}.Release|Any CPU.Build.0 = Release|Any CPU
		{4AF3E34A-CA4F-42C9-ACA7-1F62F83AC0DF}.Debug|Any CPU.ActiveCfg = Debug|Any CPU
		{4AF3E34A-CA4F-42C9-ACA7-1F62F83AC0DF}.Debug|Any CPU.Build.0 = Debug|Any CPU
		{4AF3E34A-CA4F-42C9-ACA7-1F62F83AC0DF}.Release|Any CPU.ActiveCfg = Release|Any CPU
		{4AF3E34A-CA4F-42C9-ACA7-1F62F83AC0DF}.Release|Any CPU.Build.0 = Release|Any CPU
		{5A6DABB1-287D-4A2C-9EC7-0B5AD439E518}.Debug|Any CPU.ActiveCfg = Debug|Any CPU
		{5A6DABB1-287D-4A2C-9EC7-0B5AD439E518}.Debug|Any CPU.Build.0 = Debug|Any CPU
		{5A6DABB1-287D-4A2C-9EC7-0B5AD439E518}.Release|Any CPU.ActiveCfg = Release|Any CPU
		{5A6DABB1-287D-4A2C-9EC7-0B5AD439E518}.Release|Any CPU.Build.0 = Release|Any CPU
	EndGlobalSection
	GlobalSection(SolutionProperties) = preSolution
		HideSolutionNode = FALSE
	EndGlobalSection
	GlobalSection(ExtensibilityGlobals) = postSolution
		SolutionGuid = {47BE8615-78D0-4D37-A38B-7E381A7976C5}
	EndGlobalSection
EndGlobal
