
Microsoft Visual Studio Solution File, Format Version 12.00
# Visual Studio 15
VisualStudioVersion = 15.0.28307.421
MinimumVisualStudioVersion = 10.0.40219.1
Project("{FAE04EC0-301F-11D3-BF4B-00C04F79EFBC}") = "Estudo.CSharp.Framework.UIConsole", "Estudo.CSharp.Framework.UIConsole\Estudo.CSharp.Framework.UIConsole.csproj", "{FD721C22-6579-4853-8469-43A77AB1107E}"
EndProject
Project("{FAE04EC0-301F-11D3-BF4B-00C04F79EFBC}") = "Estudo.CSharp.Framework.LibrarySample", "Estudo.CSharp.Framework.LibrarySample\Estudo.CSharp.Framework.LibrarySample.csproj", "{E8360864-C7EF-48D6-90B3-3746B4A12491}"
EndProject
Project("{FAE04EC0-301F-11D3-BF4B-00C04F79EFBC}") = "Estudo.CSharp.Framework.LibrarySample.Library", "Estudo.CSharp.Framework.LibrarySample.Library\Estudo.CSharp.Framework.LibrarySample.Library.csproj", "{DE56B36F-C6DB-4F1B-BE84-12D391640A72}"
EndProject
Project("{FAE04EC0-301F-11D3-BF4B-00C04F79EFBC}") = "System.Text_Exemple", "System.Text_Exemple\System.Text_Exemple.csproj", "{2AA35EB1-B96B-49F1-A702-75CF1504739D}"
EndProject
Project("{FAE04EC0-301F-11D3-BF4B-00C04F79EFBC}") = "System.Globalization_Exemple", "System.Globalization_Exemple\System.Globalization_Exemple.csproj", "{E2D02243-65A6-47D6-AC95-A2672D447DD5}"
EndProject
Project("{FAE04EC0-301F-11D3-BF4B-00C04F79EFBC}") = "System.Resource_Exemple", "System.Resource_Exemple\System.Resource_Exemple.csproj", "{94EE77A9-7D90-4EFF-AC33-28BEAEE89258}"
EndProject
Project("{FAE04EC0-301F-11D3-BF4B-00C04F79EFBC}") = "System.IO_Exemple", "System.IO_Exemple\System.IO_Exemple.csproj", "{607CB631-198C-42EA-A932-538F16AF7063}"
EndProject
Project("{FAE04EC0-301F-11D3-BF4B-00C04F79EFBC}") = "System.XML_Exemple", "System.XML_Exemple\System.XML_Exemple.csproj", "{C69400E8-E6CF-44D5-89F5-7E969981C144}"
EndProject
Project("{FAE04EC0-301F-11D3-BF4B-00C04F79EFBC}") = "CadastroClientes", "CadastroClientes\CadastroClientes.csproj", "{4AF3E34A-CA4F-42C9-ACA7-1F62F83AC0DF}"
EndProject
Project("{FAE04EC0-301F-11D3-BF4B-00C04F79EFBC}") = "Aplicacao", "Aplicacao\Aplicacao.csproj", "{5A6DABB1-287D-4A2C-9EC7-0B5AD439E518}"
EndProject
Project("{FAE04EC0-301F-11D3-BF4B-00C04F79EFBC}") = "Adapters", "Adapters\Adapters.csproj", "{B1888D16-3C19-431A-AC9D-E922E3C9F561}"
EndProject
Project("{FAE04EC0-301F-11D3-BF4B-00C04F79EFBC}") = "Relations", "Relations\Relations.csproj", "{463503CA-DBCD-4AFE-B224-A3A1531367F6}"
EndProject
Project("{FAE04EC0-301F-11D3-BF4B-00C04F79EFBC}") = "EF", "EF\EF.csproj", "{7B4020EC-30A7-4EFA-B757-ADBA7E6FC2F3}"
EndProject
Project("{FAE04EC0-301F-11D3-BF4B-00C04F79EFBC}") = "Servico", "Servico\Servico.csproj", "{921B41FD-831C-4583-95F9-B37C01BDC530}"
EndProject
Project("{E24C65DC-7377-472B-9ABA-BC803B73C61A}") = "ServiceHost", "ServiceHost\", "{079AA84B-1FD4-404E-AB29-30245A183672}"
	ProjectSection(WebsiteProperties) = preProject
		TargetFrameworkMoniker = ".NETFramework,Version%3Dv4.6.1"
		ProjectReferences = "{921b41fd-831c-4583-95f9-b37c01bdc530}|Servico.dll;"
		Debug.AspNetCompiler.VirtualPath = "/localhost_57531"
		Debug.AspNetCompiler.PhysicalPath = "ServiceHost\"
		Debug.AspNetCompiler.TargetPath = "PrecompiledWeb\localhost_57531\"
		Debug.AspNetCompiler.Updateable = "true"
		Debug.AspNetCompiler.ForceOverwrite = "true"
		Debug.AspNetCompiler.FixedNames = "false"
		Debug.AspNetCompiler.Debug = "True"
		Release.AspNetCompiler.VirtualPath = "/localhost_57531"
		Release.AspNetCompiler.PhysicalPath = "ServiceHost\"
		Release.AspNetCompiler.TargetPath = "PrecompiledWeb\localhost_57531\"
		Release.AspNetCompiler.Updateable = "true"
		Release.AspNetCompiler.ForceOverwrite = "true"
		Release.AspNetCompiler.FixedNames = "false"
		Release.AspNetCompiler.Debug = "False"
		VWDPort = "57531"
		SlnRelativePath = "ServiceHost\"
		DefaultWebSiteLanguage = "Visual C#"
	EndProjectSection
EndProject
Project("{FAE04EC0-301F-11D3-BF4B-00C04F79EFBC}") = "Ser.Cliente", "Ser.Cliente\Ser.Cliente.csproj", "{DACC2E8F-C6B8-48DB-A5D7-A23B7E488A8F}"
	ProjectSection(ProjectDependencies) = postProject
		{079AA84B-1FD4-404E-AB29-30245A183672} = {079AA84B-1FD4-404E-AB29-30245A183672}
	EndProjectSection
EndProject
Project("{2150E333-8FDC-42A3-9474-1A3956D46DE8}") = "FServico", "FServico", "{79BFEB2E-D7D6-4090-80BF-BB432431245D}"
EndProject
Project("{2150E333-8FDC-42A3-9474-1A3956D46DE8}") = "FCamadas", "FCamadas", "{53E0A7E4-C975-4D04-AA06-FD31195E567D}"
EndProject
Project("{2150E333-8FDC-42A3-9474-1A3956D46DE8}") = "FXml", "FXml", "{DBECAB13-C2D9-428D-9C4C-4CE394D30EA0}"
EndProject
Project("{2150E333-8FDC-42A3-9474-1A3956D46DE8}") = "FSystem.Text", "FSystem.Text", "{0752B9D8-6A21-446F-8C83-9D8769DC1B3D}"
EndProject
Project("{2150E333-8FDC-42A3-9474-1A3956D46DE8}") = "FAdapters", "FAdapters", "{C0728449-B86F-4451-8F54-E468F40B995B}"
EndProject
Project("{2150E333-8FDC-42A3-9474-1A3956D46DE8}") = "FAplicacao", "FAplicacao", "{85417FDE-ADD1-4289-B612-6F5AD76E43EE}"
EndProject
Project("{2150E333-8FDC-42A3-9474-1A3956D46DE8}") = "FCadastroCli", "FCadastroCli", "{B96927DD-2D43-4874-A255-F5A95C49D06D}"
EndProject
Project("{2150E333-8FDC-42A3-9474-1A3956D46DE8}") = "FEntityFramework", "FEntityFramework", "{C73BA904-AF42-43D4-87D3-C35CA5201B5B}"
EndProject
Project("{2150E333-8FDC-42A3-9474-1A3956D46DE8}") = "FRelations", "FRelations", "{1756CBFC-2570-4C34-B0D8-62BD32798879}"
EndProject
Project("{2150E333-8FDC-42A3-9474-1A3956D46DE8}") = "FSystem.Globalization", "FSystem.Globalization", "{357496A4-B0B1-4CF1-BD9C-56F6D277303C}"
EndProject
Project("{2150E333-8FDC-42A3-9474-1A3956D46DE8}") = "FSystem.IO", "FSystem.IO", "{966C1AC2-6800-4A54-BD3D-69E750282B11}"
EndProject
Project("{2150E333-8FDC-42A3-9474-1A3956D46DE8}") = "FSystem.Resource", "FSystem.Resource", "{54300E58-E5EB-4634-8AA4-819ACDFB7413}"
EndProject
Global
	GlobalSection(SolutionConfigurationPlatforms) = preSolution
		Debug|Any CPU = Debug|Any CPU
		Release|Any CPU = Release|Any CPU
	EndGlobalSection
	GlobalSection(ProjectConfigurationPlatforms) = postSolution
		{FD721C22-6579-4853-8469-43A77AB1107E}.Debug|Any CPU.ActiveCfg = Debug|Any CPU
		{FD721C22-6579-4853-8469-43A77AB1107E}.Debug|Any CPU.Build.0 = Debug|Any CPU
		{FD721C22-6579-4853-8469-43A77AB1107E}.Release|Any CPU.ActiveCfg = Release|Any CPU
		{FD721C22-6579-4853-8469-43A77AB1107E}.Release|Any CPU.Build.0 = Release|Any CPU
		{E8360864-C7EF-48D6-90B3-3746B4A12491}.Debug|Any CPU.ActiveCfg = Debug|Any CPU
		{E8360864-C7EF-48D6-90B3-3746B4A12491}.Debug|Any CPU.Build.0 = Debug|Any CPU
		{E8360864-C7EF-48D6-90B3-3746B4A12491}.Release|Any CPU.ActiveCfg = Release|Any CPU
		{E8360864-C7EF-48D6-90B3-3746B4A12491}.Release|Any CPU.Build.0 = Release|Any CPU
		{DE56B36F-C6DB-4F1B-BE84-12D391640A72}.Debug|Any CPU.ActiveCfg = Debug|Any CPU
		{DE56B36F-C6DB-4F1B-BE84-12D391640A72}.Debug|Any CPU.Build.0 = Debug|Any CPU
		{DE56B36F-C6DB-4F1B-BE84-12D391640A72}.Release|Any CPU.ActiveCfg = Release|Any CPU
		{DE56B36F-C6DB-4F1B-BE84-12D391640A72}.Release|Any CPU.Build.0 = Release|Any CPU
		{2AA35EB1-B96B-49F1-A702-75CF1504739D}.Debug|Any CPU.ActiveCfg = Debug|Any CPU
		{2AA35EB1-B96B-49F1-A702-75CF1504739D}.Debug|Any CPU.Build.0 = Debug|Any CPU
		{2AA35EB1-B96B-49F1-A702-75CF1504739D}.Release|Any CPU.ActiveCfg = Release|Any CPU
		{2AA35EB1-B96B-49F1-A702-75CF1504739D}.Release|Any CPU.Build.0 = Release|Any CPU
		{E2D02243-65A6-47D6-AC95-A2672D447DD5}.Debug|Any CPU.ActiveCfg = Debug|Any CPU
		{E2D02243-65A6-47D6-AC95-A2672D447DD5}.Debug|Any CPU.Build.0 = Debug|Any CPU
		{E2D02243-65A6-47D6-AC95-A2672D447DD5}.Release|Any CPU.ActiveCfg = Release|Any CPU
		{E2D02243-65A6-47D6-AC95-A2672D447DD5}.Release|Any CPU.Build.0 = Release|Any CPU
		{94EE77A9-7D90-4EFF-AC33-28BEAEE89258}.Debug|Any CPU.ActiveCfg = Debug|Any CPU
		{94EE77A9-7D90-4EFF-AC33-28BEAEE89258}.Debug|Any CPU.Build.0 = Debug|Any CPU
		{94EE77A9-7D90-4EFF-AC33-28BEAEE89258}.Release|Any CPU.ActiveCfg = Release|Any CPU
		{94EE77A9-7D90-4EFF-AC33-28BEAEE89258}.Release|Any CPU.Build.0 = Release|Any CPU
		{607CB631-198C-42EA-A932-538F16AF7063}.Debug|Any CPU.ActiveCfg = Debug|Any CPU
		{607CB631-198C-42EA-A932-538F16AF7063}.Debug|Any CPU.Build.0 = Debug|Any CPU
		{607CB631-198C-42EA-A932-538F16AF7063}.Release|Any CPU.ActiveCfg = Release|Any CPU
		{607CB631-198C-42EA-A932-538F16AF7063}.Release|Any CPU.Build.0 = Release|Any CPU
		{C69400E8-E6CF-44D5-89F5-7E969981C144}.Debug|Any CPU.ActiveCfg = Debug|Any CPU
		{C69400E8-E6CF-44D5-89F5-7E969981C144}.Debug|Any CPU.Build.0 = Debug|Any CPU
		{C69400E8-E6CF-44D5-89F5-7E969981C144}.Release|Any CPU.ActiveCfg = Release|Any CPU
		{C69400E8-E6CF-44D5-89F5-7E969981C144}.Release|Any CPU.Build.0 = Release|Any CPU
		{4AF3E34A-CA4F-42C9-ACA7-1F62F83AC0DF}.Debug|Any CPU.ActiveCfg = Debug|Any CPU
		{4AF3E34A-CA4F-42C9-ACA7-1F62F83AC0DF}.Debug|Any CPU.Build.0 = Debug|Any CPU
		{4AF3E34A-CA4F-42C9-ACA7-1F62F83AC0DF}.Release|Any CPU.ActiveCfg = Release|Any CPU
		{4AF3E34A-CA4F-42C9-ACA7-1F62F83AC0DF}.Release|Any CPU.Build.0 = Release|Any CPU
		{5A6DABB1-287D-4A2C-9EC7-0B5AD439E518}.Debug|Any CPU.ActiveCfg = Debug|Any CPU
		{5A6DABB1-287D-4A2C-9EC7-0B5AD439E518}.Debug|Any CPU.Build.0 = Debug|Any CPU
		{5A6DABB1-287D-4A2C-9EC7-0B5AD439E518}.Release|Any CPU.ActiveCfg = Release|Any CPU
		{5A6DABB1-287D-4A2C-9EC7-0B5AD439E518}.Release|Any CPU.Build.0 = Release|Any CPU
		{B1888D16-3C19-431A-AC9D-E922E3C9F561}.Debug|Any CPU.ActiveCfg = Debug|Any CPU
		{B1888D16-3C19-431A-AC9D-E922E3C9F561}.Debug|Any CPU.Build.0 = Debug|Any CPU
		{B1888D16-3C19-431A-AC9D-E922E3C9F561}.Release|Any CPU.ActiveCfg = Release|Any CPU
		{B1888D16-3C19-431A-AC9D-E922E3C9F561}.Release|Any CPU.Build.0 = Release|Any CPU
		{463503CA-DBCD-4AFE-B224-A3A1531367F6}.Debug|Any CPU.ActiveCfg = Debug|Any CPU
		{463503CA-DBCD-4AFE-B224-A3A1531367F6}.Debug|Any CPU.Build.0 = Debug|Any CPU
		{463503CA-DBCD-4AFE-B224-A3A1531367F6}.Release|Any CPU.ActiveCfg = Release|Any CPU
		{463503CA-DBCD-4AFE-B224-A3A1531367F6}.Release|Any CPU.Build.0 = Release|Any CPU
		{7B4020EC-30A7-4EFA-B757-ADBA7E6FC2F3}.Debug|Any CPU.ActiveCfg = Debug|Any CPU
		{7B4020EC-30A7-4EFA-B757-ADBA7E6FC2F3}.Debug|Any CPU.Build.0 = Debug|Any CPU
		{7B4020EC-30A7-4EFA-B757-ADBA7E6FC2F3}.Release|Any CPU.ActiveCfg = Release|Any CPU
		{7B4020EC-30A7-4EFA-B757-ADBA7E6FC2F3}.Release|Any CPU.Build.0 = Release|Any CPU
		{921B41FD-831C-4583-95F9-B37C01BDC530}.Debug|Any CPU.ActiveCfg = Debug|Any CPU
		{921B41FD-831C-4583-95F9-B37C01BDC530}.Debug|Any CPU.Build.0 = Debug|Any CPU
		{921B41FD-831C-4583-95F9-B37C01BDC530}.Release|Any CPU.ActiveCfg = Release|Any CPU
		{921B41FD-831C-4583-95F9-B37C01BDC530}.Release|Any CPU.Build.0 = Release|Any CPU
		{079AA84B-1FD4-404E-AB29-30245A183672}.Debug|Any CPU.ActiveCfg = Debug|Any CPU
		{079AA84B-1FD4-404E-AB29-30245A183672}.Debug|Any CPU.Build.0 = Debug|Any CPU
		{079AA84B-1FD4-404E-AB29-30245A183672}.Release|Any CPU.ActiveCfg = Debug|Any CPU
		{079AA84B-1FD4-404E-AB29-30245A183672}.Release|Any CPU.Build.0 = Debug|Any CPU
		{DACC2E8F-C6B8-48DB-A5D7-A23B7E488A8F}.Debug|Any CPU.ActiveCfg = Debug|Any CPU
		{DACC2E8F-C6B8-48DB-A5D7-A23B7E488A8F}.Debug|Any CPU.Build.0 = Debug|Any CPU
		{DACC2E8F-C6B8-48DB-A5D7-A23B7E488A8F}.Release|Any CPU.ActiveCfg = Release|Any CPU
		{DACC2E8F-C6B8-48DB-A5D7-A23B7E488A8F}.Release|Any CPU.Build.0 = Release|Any CPU
	EndGlobalSection
	GlobalSection(SolutionProperties) = preSolution
		HideSolutionNode = FALSE
	EndGlobalSection
	GlobalSection(NestedProjects) = preSolution
		{FD721C22-6579-4853-8469-43A77AB1107E} = {53E0A7E4-C975-4D04-AA06-FD31195E567D}
		{E8360864-C7EF-48D6-90B3-3746B4A12491} = {53E0A7E4-C975-4D04-AA06-FD31195E567D}
		{DE56B36F-C6DB-4F1B-BE84-12D391640A72} = {53E0A7E4-C975-4D04-AA06-FD31195E567D}
		{2AA35EB1-B96B-49F1-A702-75CF1504739D} = {0752B9D8-6A21-446F-8C83-9D8769DC1B3D}
		{E2D02243-65A6-47D6-AC95-A2672D447DD5} = {357496A4-B0B1-4CF1-BD9C-56F6D277303C}
		{94EE77A9-7D90-4EFF-AC33-28BEAEE89258} = {54300E58-E5EB-4634-8AA4-819ACDFB7413}
		{607CB631-198C-42EA-A932-538F16AF7063} = {966C1AC2-6800-4A54-BD3D-69E750282B11}
		{C69400E8-E6CF-44D5-89F5-7E969981C144} = {DBECAB13-C2D9-428D-9C4C-4CE394D30EA0}
		{4AF3E34A-CA4F-42C9-ACA7-1F62F83AC0DF} = {B96927DD-2D43-4874-A255-F5A95C49D06D}
		{5A6DABB1-287D-4A2C-9EC7-0B5AD439E518} = {85417FDE-ADD1-4289-B612-6F5AD76E43EE}
		{B1888D16-3C19-431A-AC9D-E922E3C9F561} = {C0728449-B86F-4451-8F54-E468F40B995B}
		{463503CA-DBCD-4AFE-B224-A3A1531367F6} = {1756CBFC-2570-4C34-B0D8-62BD32798879}
		{7B4020EC-30A7-4EFA-B757-ADBA7E6FC2F3} = {C73BA904-AF42-43D4-87D3-C35CA5201B5B}
		{921B41FD-831C-4583-95F9-B37C01BDC530} = {79BFEB2E-D7D6-4090-80BF-BB432431245D}
		{079AA84B-1FD4-404E-AB29-30245A183672} = {79BFEB2E-D7D6-4090-80BF-BB432431245D}
		{DACC2E8F-C6B8-48DB-A5D7-A23B7E488A8F} = {79BFEB2E-D7D6-4090-80BF-BB432431245D}
	EndGlobalSection
	GlobalSection(ExtensibilityGlobals) = postSolution
		SolutionGuid = {47BE8615-78D0-4D37-A38B-7E381A7976C5}
	EndGlobalSection
EndGlobal
